// !$*UTF8*$!
{
	archiveVersion = 1;
	classes = {
	};
	objectVersion = 48;
	objects = {

/* Begin PBXBuildFile section */
		02765270204A4FEF00D5E14F /* libv8_libbase.a in Frameworks */ = {isa = PBXBuildFile; fileRef = 02765267204A4FEF00D5E14F /* libv8_libbase.a */; };
		02765271204A4FEF00D5E14F /* libv8_base.a in Frameworks */ = {isa = PBXBuildFile; fileRef = 02765268204A4FEF00D5E14F /* libv8_base.a */; };
		02765272204A4FEF00D5E14F /* libv8_external_snapshot.a in Frameworks */ = {isa = PBXBuildFile; fileRef = 02765269204A4FEF00D5E14F /* libv8_external_snapshot.a */; };
		02765273204A4FEF00D5E14F /* libv8_init.a in Frameworks */ = {isa = PBXBuildFile; fileRef = 0276526A204A4FEF00D5E14F /* libv8_init.a */; };
		02765274204A4FEF00D5E14F /* libv8_libplatform.a in Frameworks */ = {isa = PBXBuildFile; fileRef = 0276526B204A4FEF00D5E14F /* libv8_libplatform.a */; };
		02765275204A4FEF00D5E14F /* libv8_libsampler.a in Frameworks */ = {isa = PBXBuildFile; fileRef = 0276526C204A4FEF00D5E14F /* libv8_libsampler.a */; };
		02765276204A4FEF00D5E14F /* libv8_nosnapshot.a in Frameworks */ = {isa = PBXBuildFile; fileRef = 0276526D204A4FEF00D5E14F /* libv8_nosnapshot.a */; };
		02765277204A4FEF00D5E14F /* libv8_initializers.a in Frameworks */ = {isa = PBXBuildFile; fileRef = 0276526E204A4FEF00D5E14F /* libv8_initializers.a */; };
		02765278204A4FEF00D5E14F /* libv8_snapshot.a in Frameworks */ = {isa = PBXBuildFile; fileRef = 0276526F204A4FEF00D5E14F /* libv8_snapshot.a */; };
		0276527B204A508300D5E14F /* libicui18n.a in Frameworks */ = {isa = PBXBuildFile; fileRef = 02765279204A508300D5E14F /* libicui18n.a */; };
		0276527C204A508300D5E14F /* libicuuc.a in Frameworks */ = {isa = PBXBuildFile; fileRef = 0276527A204A508300D5E14F /* libicuuc.a */; };
		0276527E204A50A700D5E14F /* libinspector.a in Frameworks */ = {isa = PBXBuildFile; fileRef = 0276527D204A50A700D5E14F /* libinspector.a */; };
		02FCC9F0204A43A800BB798E /* main.cpp in Sources */ = {isa = PBXBuildFile; fileRef = 02FCC9EF204A43A800BB798E /* main.cpp */; };
/* End PBXBuildFile section */

/* Begin PBXCopyFilesBuildPhase section */
		02FCC9EA204A43A800BB798E /* CopyFiles */ = {
			isa = PBXCopyFilesBuildPhase;
			buildActionMask = 2147483647;
			dstPath = /usr/share/man/man1/;
			dstSubfolderSpec = 0;
			files = (
			);
			runOnlyForDeploymentPostprocessing = 1;
		};
/* End PBXCopyFilesBuildPhase section */

/* Begin PBXFileReference section */
		02765267204A4FEF00D5E14F /* libv8_libbase.a */ = {isa = PBXFileReference; lastKnownFileType = archive.ar; name = libv8_libbase.a; path = v8/out.gn/x64.release/obj/libv8_libbase.a; sourceTree = "<group>"; };
		02765268204A4FEF00D5E14F /* libv8_base.a */ = {isa = PBXFileReference; lastKnownFileType = archive.ar; name = libv8_base.a; path = v8/out.gn/x64.release/obj/libv8_base.a; sourceTree = "<group>"; };
		02765269204A4FEF00D5E14F /* libv8_external_snapshot.a */ = {isa = PBXFileReference; lastKnownFileType = archive.ar; name = libv8_external_snapshot.a; path = v8/out.gn/x64.release/obj/libv8_external_snapshot.a; sourceTree = "<group>"; };
		0276526A204A4FEF00D5E14F /* libv8_init.a */ = {isa = PBXFileReference; lastKnownFileType = archive.ar; name = libv8_init.a; path = v8/out.gn/x64.release/obj/libv8_init.a; sourceTree = "<group>"; };
		0276526B204A4FEF00D5E14F /* libv8_libplatform.a */ = {isa = PBXFileReference; lastKnownFileType = archive.ar; name = libv8_libplatform.a; path = v8/out.gn/x64.release/obj/libv8_libplatform.a; sourceTree = "<group>"; };
		0276526C204A4FEF00D5E14F /* libv8_libsampler.a */ = {isa = PBXFileReference; lastKnownFileType = archive.ar; name = libv8_libsampler.a; path = v8/out.gn/x64.release/obj/libv8_libsampler.a; sourceTree = "<group>"; };
		0276526D204A4FEF00D5E14F /* libv8_nosnapshot.a */ = {isa = PBXFileReference; lastKnownFileType = archive.ar; name = libv8_nosnapshot.a; path = v8/out.gn/x64.release/obj/libv8_nosnapshot.a; sourceTree = "<group>"; };
		0276526E204A4FEF00D5E14F /* libv8_initializers.a */ = {isa = PBXFileReference; lastKnownFileType = archive.ar; name = libv8_initializers.a; path = v8/out.gn/x64.release/obj/libv8_initializers.a; sourceTree = "<group>"; };
		0276526F204A4FEF00D5E14F /* libv8_snapshot.a */ = {isa = PBXFileReference; lastKnownFileType = archive.ar; name = libv8_snapshot.a; path = v8/out.gn/x64.release/obj/libv8_snapshot.a; sourceTree = "<group>"; };
		02765279204A508300D5E14F /* libicui18n.a */ = {isa = PBXFileReference; lastKnownFileType = archive.ar; name = libicui18n.a; path = v8/out.gn/x64.release/obj/third_party/icu/libicui18n.a; sourceTree = "<group>"; };
		0276527A204A508300D5E14F /* libicuuc.a */ = {isa = PBXFileReference; lastKnownFileType = archive.ar; name = libicuuc.a; path = v8/out.gn/x64.release/obj/third_party/icu/libicuuc.a; sourceTree = "<group>"; };
		0276527D204A50A700D5E14F /* libinspector.a */ = {isa = PBXFileReference; lastKnownFileType = archive.ar; name = libinspector.a; path = v8/out.gn/x64.release/obj/src/inspector/libinspector.a; sourceTree = "<group>"; };
		02FCC9EC204A43A800BB798E /* V8_learning */ = {isa = PBXFileReference; explicitFileType = "compiled.mach-o.executable"; includeInIndex = 0; path = V8_learning; sourceTree = BUILT_PRODUCTS_DIR; };
		02FCC9EF204A43A800BB798E /* main.cpp */ = {isa = PBXFileReference; lastKnownFileType = sourcecode.cpp.cpp; path = main.cpp; sourceTree = "<group>"; };
		02FCC9F7204A43CB00BB798E /* d8.o */ = {isa = PBXFileReference; lastKnownFileType = "compiled.mach-o.objfile"; name = d8.o; path = ../v8/out.gn/x64.release/obj/d8/d8.o; sourceTree = "<group>"; };
/* End PBXFileReference section */

/* Begin PBXFrameworksBuildPhase section */
		02FCC9E9204A43A800BB798E /* Frameworks */ = {
			isa = PBXFrameworksBuildPhase;
			buildActionMask = 2147483647;
			files = (
				02765270204A4FEF00D5E14F /* libv8_libbase.a in Frameworks */,
				02765271204A4FEF00D5E14F /* libv8_base.a in Frameworks */,
				02765272204A4FEF00D5E14F /* libv8_external_snapshot.a in Frameworks */,
				02765273204A4FEF00D5E14F /* libv8_init.a in Frameworks */,
				02765274204A4FEF00D5E14F /* libv8_libplatform.a in Frameworks */,
				02765275204A4FEF00D5E14F /* libv8_libsampler.a in Frameworks */,
				02765276204A4FEF00D5E14F /* libv8_nosnapshot.a in Frameworks */,
				02765277204A4FEF00D5E14F /* libv8_initializers.a in Frameworks */,
				02765278204A4FEF00D5E14F /* libv8_snapshot.a in Frameworks */,
				0276527B204A508300D5E14F /* libicui18n.a in Frameworks */,
				0276527C204A508300D5E14F /* libicuuc.a in Frameworks */,
				0276527E204A50A700D5E14F /* libinspector.a in Frameworks */,
			);
			runOnlyForDeploymentPostprocessing = 0;
		};
/* End PBXFrameworksBuildPhase section */

/* Begin PBXGroup section */
		02FCC9E3204A43A800BB798E = {
			isa = PBXGroup;
			children = (
				02FCC9EE204A43A800BB798E /* V8_learning */,
				02FCC9ED204A43A800BB798E /* Products */,
				02FCC9F6204A43CB00BB798E /* Frameworks */,
			);
			sourceTree = "<group>";
		};
		02FCC9ED204A43A800BB798E /* Products */ = {
			isa = PBXGroup;
			children = (
				02FCC9EC204A43A800BB798E /* V8_learning */,
			);
			name = Products;
			sourceTree = "<group>";
		};
		02FCC9EE204A43A800BB798E /* V8_learning */ = {
			isa = PBXGroup;
			children = (
				02FCC9EF204A43A800BB798E /* main.cpp */,
			);
			path = V8_learning;
			sourceTree = "<group>";
		};
		02FCC9F6204A43CB00BB798E /* Frameworks */ = {
			isa = PBXGroup;
			children = (
				0276527D204A50A700D5E14F /* libinspector.a */,
				02765279204A508300D5E14F /* libicui18n.a */,
				0276527A204A508300D5E14F /* libicuuc.a */,
				02765268204A4FEF00D5E14F /* libv8_base.a */,
				02765269204A4FEF00D5E14F /* libv8_external_snapshot.a */,
				0276526A204A4FEF00D5E14F /* libv8_init.a */,
				0276526E204A4FEF00D5E14F /* libv8_initializers.a */,
				02765267204A4FEF00D5E14F /* libv8_libbase.a */,
				0276526B204A4FEF00D5E14F /* libv8_libplatform.a */,
				0276526C204A4FEF00D5E14F /* libv8_libsampler.a */,
				0276526D204A4FEF00D5E14F /* libv8_nosnapshot.a */,
				0276526F204A4FEF00D5E14F /* libv8_snapshot.a */,
				02FCC9F7204A43CB00BB798E /* d8.o */,
			);
			name = Frameworks;
			sourceTree = "<group>";
		};
/* End PBXGroup section */

/* Begin PBXNativeTarget section */
		02FCC9EB204A43A800BB798E /* V8_learning */ = {
			isa = PBXNativeTarget;
			buildConfigurationList = 02FCC9F3204A43A800BB798E /* Build configuration list for PBXNativeTarget "V8_learning" */;
			buildPhases = (
				02FCC9E8204A43A800BB798E /* Sources */,
				02FCC9E9204A43A800BB798E /* Frameworks */,
				02FCC9EA204A43A800BB798E /* CopyFiles */,
			);
			buildRules = (
			);
			dependencies = (
			);
			name = V8_learning;
			productName = V8_learning;
			productReference = 02FCC9EC204A43A800BB798E /* V8_learning */;
			productType = "com.apple.product-type.tool";
		};
/* End PBXNativeTarget section */

/* Begin PBXProject section */
		02FCC9E4204A43A800BB798E /* Project object */ = {
			isa = PBXProject;
			attributes = {
				LastUpgradeCheck = 0910;
				ORGANIZATIONNAME = "HENRY BERGIN";
				TargetAttributes = {
					02FCC9EB204A43A800BB798E = {
						CreatedOnToolsVersion = 9.1;
						ProvisioningStyle = Automatic;
					};
				};
			};
			buildConfigurationList = 02FCC9E7204A43A800BB798E /* Build configuration list for PBXProject "V8_learning" */;
			compatibilityVersion = "Xcode 8.0";
			developmentRegion = en;
			hasScannedForEncodings = 0;
			knownRegions = (
				en,
			);
			mainGroup = 02FCC9E3204A43A800BB798E;
			productRefGroup = 02FCC9ED204A43A800BB798E /* Products */;
			projectDirPath = "";
			projectRoot = "";
			targets = (
				02FCC9EB204A43A800BB798E /* V8_learning */,
			);
		};
/* End PBXProject section */

/* Begin PBXSourcesBuildPhase section */
		02FCC9E8204A43A800BB798E /* Sources */ = {
			isa = PBXSourcesBuildPhase;
			buildActionMask = 2147483647;
			files = (
				02FCC9F0204A43A800BB798E /* main.cpp in Sources */,
			);
			runOnlyForDeploymentPostprocessing = 0;
		};
/* End PBXSourcesBuildPhase section */

/* Begin XCBuildConfiguration section */
		02FCC9F1204A43A800BB798E /* Debug */ = {
			isa = XCBuildConfiguration;
			buildSettings = {
				ALWAYS_SEARCH_USER_PATHS = NO;
				CLANG_ANALYZER_NONNULL = YES;
				CLANG_ANALYZER_NUMBER_OBJECT_CONVERSION = YES_AGGRESSIVE;
				CLANG_CXX_LANGUAGE_STANDARD = "gnu++14";
				CLANG_CXX_LIBRARY = "libc++";
				CLANG_ENABLE_MODULES = YES;
				CLANG_ENABLE_OBJC_ARC = YES;
				CLANG_WARN_BLOCK_CAPTURE_AUTORELEASING = YES;
				CLANG_WARN_BOOL_CONVERSION = YES;
				CLANG_WARN_COMMA = YES;
				CLANG_WARN_CONSTANT_CONVERSION = YES;
				CLANG_WARN_DIRECT_OBJC_ISA_USAGE = YES_ERROR;
				CLANG_WARN_DOCUMENTATION_COMMENTS = YES;
				CLANG_WARN_EMPTY_BODY = YES;
				CLANG_WARN_ENUM_CONVERSION = YES;
				CLANG_WARN_INFINITE_RECURSION = YES;
				CLANG_WARN_INT_CONVERSION = YES;
				CLANG_WARN_NON_LITERAL_NULL_CONVERSION = YES;
				CLANG_WARN_OBJC_LITERAL_CONVERSION = YES;
				CLANG_WARN_OBJC_ROOT_CLASS = YES_ERROR;
				CLANG_WARN_RANGE_LOOP_ANALYSIS = YES;
				CLANG_WARN_STRICT_PROTOTYPES = YES;
				CLANG_WARN_SUSPICIOUS_MOVE = YES;
				CLANG_WARN_UNGUARDED_AVAILABILITY = YES_AGGRESSIVE;
				CLANG_WARN_UNREACHABLE_CODE = YES;
				CLANG_WARN__DUPLICATE_METHOD_MATCH = YES;
				CODE_SIGN_IDENTITY = "-";
				COPY_PHASE_STRIP = NO;
				DEBUG_INFORMATION_FORMAT = dwarf;
				ENABLE_STRICT_OBJC_MSGSEND = YES;
				ENABLE_TESTABILITY = YES;
				GCC_C_LANGUAGE_STANDARD = gnu11;
				GCC_DYNAMIC_NO_PIC = NO;
				GCC_NO_COMMON_BLOCKS = YES;
				GCC_OPTIMIZATION_LEVEL = 0;
				GCC_PREPROCESSOR_DEFINITIONS = (
					"DEBUG=1",
					"$(inherited)",
				);
				GCC_WARN_64_TO_32_BIT_CONVERSION = YES;
				GCC_WARN_ABOUT_RETURN_TYPE = YES_ERROR;
				GCC_WARN_UNDECLARED_SELECTOR = YES;
				GCC_WARN_UNINITIALIZED_AUTOS = YES_AGGRESSIVE;
				GCC_WARN_UNUSED_FUNCTION = YES;
				GCC_WARN_UNUSED_VARIABLE = YES;
				MACOSX_DEPLOYMENT_TARGET = 10.13;
				MTL_ENABLE_DEBUG_INFO = YES;
				ONLY_ACTIVE_ARCH = YES;
				SDKROOT = macosx;
			};
			name = Debug;
		};
		02FCC9F2204A43A800BB798E /* Release */ = {
			isa = XCBuildConfiguration;
			buildSettings = {
				ALWAYS_SEARCH_USER_PATHS = NO;
				CLANG_ANALYZER_NONNULL = YES;
				CLANG_ANALYZER_NUMBER_OBJECT_CONVERSION = YES_AGGRESSIVE;
				CLANG_CXX_LANGUAGE_STANDARD = "gnu++14";
				CLANG_CXX_LIBRARY = "libc++";
				CLANG_ENABLE_MODULES = YES;
				CLANG_ENABLE_OBJC_ARC = YES;
				CLANG_WARN_BLOCK_CAPTURE_AUTORELEASING = YES;
				CLANG_WARN_BOOL_CONVERSION = YES;
				CLANG_WARN_COMMA = YES;
				CLANG_WARN_CONSTANT_CONVERSION = YES;
				CLANG_WARN_DIRECT_OBJC_ISA_USAGE = YES_ERROR;
				CLANG_WARN_DOCUMENTATION_COMMENTS = YES;
				CLANG_WARN_EMPTY_BODY = YES;
				CLANG_WARN_ENUM_CONVERSION = YES;
				CLANG_WARN_INFINITE_RECURSION = YES;
				CLANG_WARN_INT_CONVERSION = YES;
				CLANG_WARN_NON_LITERAL_NULL_CONVERSION = YES;
				CLANG_WARN_OBJC_LITERAL_CONVERSION = YES;
				CLANG_WARN_OBJC_ROOT_CLASS = YES_ERROR;
				CLANG_WARN_RANGE_LOOP_ANALYSIS = YES;
				CLANG_WARN_STRICT_PROTOTYPES = YES;
				CLANG_WARN_SUSPICIOUS_MOVE = YES;
				CLANG_WARN_UNGUARDED_AVAILABILITY = YES_AGGRESSIVE;
				CLANG_WARN_UNREACHABLE_CODE = YES;
				CLANG_WARN__DUPLICATE_METHOD_MATCH = YES;
				CODE_SIGN_IDENTITY = "-";
				COPY_PHASE_STRIP = NO;
				DEBUG_INFORMATION_FORMAT = "dwarf-with-dsym";
				ENABLE_NS_ASSERTIONS = NO;
				ENABLE_STRICT_OBJC_MSGSEND = YES;
				GCC_C_LANGUAGE_STANDARD = gnu11;
				GCC_NO_COMMON_BLOCKS = YES;
				GCC_WARN_64_TO_32_BIT_CONVERSION = YES;
				GCC_WARN_ABOUT_RETURN_TYPE = YES_ERROR;
				GCC_WARN_UNDECLARED_SELECTOR = YES;
				GCC_WARN_UNINITIALIZED_AUTOS = YES_AGGRESSIVE;
				GCC_WARN_UNUSED_FUNCTION = YES;
				GCC_WARN_UNUSED_VARIABLE = YES;
				MACOSX_DEPLOYMENT_TARGET = 10.13;
				MTL_ENABLE_DEBUG_INFO = NO;
				SDKROOT = macosx;
			};
			name = Release;
		};
		02FCC9F4204A43A800BB798E /* Debug */ = {
			isa = XCBuildConfiguration;
			buildSettings = {
				CODE_SIGN_STYLE = Automatic;
				HEADER_SEARCH_PATHS = "$(PROJECT_DIR)/v8/include";
				LIBRARY_SEARCH_PATHS = (
					"$(inherited)",
					"$(PROJECT_DIR)/v8/out.gn/x64.release/obj",
					"$(PROJECT_DIR)/v8/out.gn/x64.release/obj/third_party/icu",
					"$(PROJECT_DIR)/v8/out.gn/x64.release/obj/src/inspector",
				);
				PRODUCT_NAME = "$(TARGET_NAME)";
			};
			name = Debug;
		};
		02FCC9F5204A43A800BB798E /* Release */ = {
			isa = XCBuildConfiguration;
			buildSettings = {
				CODE_SIGN_STYLE = Automatic;
				HEADER_SEARCH_PATHS = "$(PROJECT_DIR)/v8/include";
				LIBRARY_SEARCH_PATHS = (
					"$(inherited)",
					"$(PROJECT_DIR)/v8/out.gn/x64.release/obj",
					"$(PROJECT_DIR)/v8/out.gn/x64.release/obj/third_party/icu",
					"$(PROJECT_DIR)/v8/out.gn/x64.release/obj/src/inspector",
				);
				PRODUCT_NAME = "$(TARGET_NAME)";
			};
			name = Release;
		};
/* End XCBuildConfiguration section */

/* Begin XCConfigurationList section */
		02FCC9E7204A43A800BB798E /* Build configuration list for PBXProject "V8_learning" */ = {
			isa = XCConfigurationList;
			buildConfigurations = (
				02FCC9F1204A43A800BB798E /* Debug */,
				02FCC9F2204A43A800BB798E /* Release */,
			);
			defaultConfigurationIsVisible = 0;
			defaultConfigurationName = Release;
		};
		02FCC9F3204A43A800BB798E /* Build configuration list for PBXNativeTarget "V8_learning" */ = {
			isa = XCConfigurationList;
			buildConfigurations = (
				02FCC9F4204A43A800BB798E /* Debug */,
				02FCC9F5204A43A800BB798E /* Release */,
			);
			defaultConfigurationIsVisible = 0;
			defaultConfigurationName = Release;
		};
/* End XCConfigurationList section */
	};
	rootObject = 02FCC9E4204A43A800BB798E /* Project object */;
}
